// !$*UTF8*$!
{
	archiveVersion = 1;
	classes = {
	};
	objectVersion = 50;
	objects = {

/* Begin PBXBuildFile section */
		B38AE2CC2243D82A00A28121 /* AppDelegate.swift in Sources */ = {isa = PBXBuildFile; fileRef = B38AE2CB2243D82A00A28121 /* AppDelegate.swift */; };
		B38AE2CE2243D82A00A28121 /* WorkoutSetViewController.swift in Sources */ = {isa = PBXBuildFile; fileRef = B38AE2CD2243D82A00A28121 /* WorkoutSetViewController.swift */; };
		B38AE2D12243D82A00A28121 /* Main.storyboard in Resources */ = {isa = PBXBuildFile; fileRef = B38AE2CF2243D82A00A28121 /* Main.storyboard */; };
		B38AE2D32243D82C00A28121 /* Assets.xcassets in Resources */ = {isa = PBXBuildFile; fileRef = B38AE2D22243D82C00A28121 /* Assets.xcassets */; };
		B38AE2D62243D82C00A28121 /* LaunchScreen.storyboard in Resources */ = {isa = PBXBuildFile; fileRef = B38AE2D42243D82C00A28121 /* LaunchScreen.storyboard */; };
		B38AE2E12243D82C00A28121 /* RepSetRepeatTests.swift in Sources */ = {isa = PBXBuildFile; fileRef = B38AE2E02243D82C00A28121 /* RepSetRepeatTests.swift */; };
		B38AE2EC2243D82C00A28121 /* RepSetRepeatUITests.swift in Sources */ = {isa = PBXBuildFile; fileRef = B38AE2EB2243D82C00A28121 /* RepSetRepeatUITests.swift */; };
		B38AE2FA2243DE4800A28121 /* MainTab.swift in Sources */ = {isa = PBXBuildFile; fileRef = B38AE2F92243DE4800A28121 /* MainTab.swift */; };
		B38AE2FC2243E79E00A28121 /* LoginViewController.swift in Sources */ = {isa = PBXBuildFile; fileRef = B38AE2FB2243E79E00A28121 /* LoginViewController.swift */; };
/* End PBXBuildFile section */

/* Begin PBXContainerItemProxy section */
		B38AE2DD2243D82C00A28121 /* PBXContainerItemProxy */ = {
			isa = PBXContainerItemProxy;
			containerPortal = B38AE2C02243D82A00A28121 /* Project object */;
			proxyType = 1;
			remoteGlobalIDString = B38AE2C72243D82A00A28121;
			remoteInfo = RepSetRepeat;
		};
		B38AE2E82243D82C00A28121 /* PBXContainerItemProxy */ = {
			isa = PBXContainerItemProxy;
			containerPortal = B38AE2C02243D82A00A28121 /* Project object */;
			proxyType = 1;
			remoteGlobalIDString = B38AE2C72243D82A00A28121;
			remoteInfo = RepSetRepeat;
		};
/* End PBXContainerItemProxy section */

/* Begin PBXFileReference section */
		B38AE2C82243D82A00A28121 /* RepSetRepeat.app */ = {isa = PBXFileReference; explicitFileType = wrapper.application; includeInIndex = 0; path = RepSetRepeat.app; sourceTree = BUILT_PRODUCTS_DIR; };
		B38AE2CB2243D82A00A28121 /* AppDelegate.swift */ = {isa = PBXFileReference; lastKnownFileType = sourcecode.swift; path = AppDelegate.swift; sourceTree = "<group>"; };
		B38AE2CD2243D82A00A28121 /* WorkoutSetViewController.swift */ = {isa = PBXFileReference; lastKnownFileType = sourcecode.swift; path = WorkoutSetViewController.swift; sourceTree = "<group>"; };
		B38AE2D02243D82A00A28121 /* Base */ = {isa = PBXFileReference; lastKnownFileType = file.storyboard; name = Base; path = Base.lproj/Main.storyboard; sourceTree = "<group>"; };
		B38AE2D22243D82C00A28121 /* Assets.xcassets */ = {isa = PBXFileReference; lastKnownFileType = folder.assetcatalog; path = Assets.xcassets; sourceTree = "<group>"; };
		B38AE2D52243D82C00A28121 /* Base */ = {isa = PBXFileReference; lastKnownFileType = file.storyboard; name = Base; path = Base.lproj/LaunchScreen.storyboard; sourceTree = "<group>"; };
		B38AE2D72243D82C00A28121 /* Info.plist */ = {isa = PBXFileReference; lastKnownFileType = text.plist.xml; path = Info.plist; sourceTree = "<group>"; };
		B38AE2DC2243D82C00A28121 /* RepSetRepeatTests.xctest */ = {isa = PBXFileReference; explicitFileType = wrapper.cfbundle; includeInIndex = 0; path = RepSetRepeatTests.xctest; sourceTree = BUILT_PRODUCTS_DIR; };
		B38AE2E02243D82C00A28121 /* RepSetRepeatTests.swift */ = {isa = PBXFileReference; lastKnownFileType = sourcecode.swift; path = RepSetRepeatTests.swift; sourceTree = "<group>"; };
		B38AE2E22243D82C00A28121 /* Info.plist */ = {isa = PBXFileReference; lastKnownFileType = text.plist.xml; path = Info.plist; sourceTree = "<group>"; };
		B38AE2E72243D82C00A28121 /* RepSetRepeatUITests.xctest */ = {isa = PBXFileReference; explicitFileType = wrapper.cfbundle; includeInIndex = 0; path = RepSetRepeatUITests.xctest; sourceTree = BUILT_PRODUCTS_DIR; };
		B38AE2EB2243D82C00A28121 /* RepSetRepeatUITests.swift */ = {isa = PBXFileReference; lastKnownFileType = sourcecode.swift; path = RepSetRepeatUITests.swift; sourceTree = "<group>"; };
		B38AE2ED2243D82C00A28121 /* Info.plist */ = {isa = PBXFileReference; lastKnownFileType = text.plist.xml; path = Info.plist; sourceTree = "<group>"; };
		B38AE2F92243DE4800A28121 /* MainTab.swift */ = {isa = PBXFileReference; lastKnownFileType = sourcecode.swift; path = MainTab.swift; sourceTree = "<group>"; };
		B38AE2FB2243E79E00A28121 /* LoginViewController.swift */ = {isa = PBXFileReference; lastKnownFileType = sourcecode.swift; path = LoginViewController.swift; sourceTree = "<group>"; };
/* End PBXFileReference section */

/* Begin PBXFrameworksBuildPhase section */
		B38AE2C52243D82A00A28121 /* Frameworks */ = {
			isa = PBXFrameworksBuildPhase;
			buildActionMask = 2147483647;
			files = (
			);
			runOnlyForDeploymentPostprocessing = 0;
		};
		B38AE2D92243D82C00A28121 /* Frameworks */ = {
			isa = PBXFrameworksBuildPhase;
			buildActionMask = 2147483647;
			files = (
			);
			runOnlyForDeploymentPostprocessing = 0;
		};
		B38AE2E42243D82C00A28121 /* Frameworks */ = {
			isa = PBXFrameworksBuildPhase;
			buildActionMask = 2147483647;
			files = (
			);
			runOnlyForDeploymentPostprocessing = 0;
		};
/* End PBXFrameworksBuildPhase section */

/* Begin PBXGroup section */
		B38AE2BF2243D82A00A28121 = {
			isa = PBXGroup;
			children = (
				B38AE2CA2243D82A00A28121 /* RepSetRepeat */,
				B38AE2DF2243D82C00A28121 /* RepSetRepeatTests */,
				B38AE2EA2243D82C00A28121 /* RepSetRepeatUITests */,
				B38AE2C92243D82A00A28121 /* Products */,
			);
			sourceTree = "<group>";
		};
		B38AE2C92243D82A00A28121 /* Products */ = {
			isa = PBXGroup;
			children = (
				B38AE2C82243D82A00A28121 /* RepSetRepeat.app */,
				B38AE2DC2243D82C00A28121 /* RepSetRepeatTests.xctest */,
				B38AE2E72243D82C00A28121 /* RepSetRepeatUITests.xctest */,
			);
			name = Products;
			sourceTree = "<group>";
		};
		B38AE2CA2243D82A00A28121 /* RepSetRepeat */ = {
			isa = PBXGroup;
			children = (
				B38AE2CB2243D82A00A28121 /* AppDelegate.swift */,
				B38AE2CD2243D82A00A28121 /* WorkoutSetViewController.swift */,
				B38AE2CF2243D82A00A28121 /* Main.storyboard */,
				B38AE2D22243D82C00A28121 /* Assets.xcassets */,
				B38AE2D42243D82C00A28121 /* LaunchScreen.storyboard */,
				B38AE2D72243D82C00A28121 /* Info.plist */,
				B38AE2F92243DE4800A28121 /* MainTab.swift */,
				B38AE2FB2243E79E00A28121 /* LoginViewController.swift */,
			);
			path = RepSetRepeat;
			sourceTree = "<group>";
		};
		B38AE2DF2243D82C00A28121 /* RepSetRepeatTests */ = {
			isa = PBXGroup;
			children = (
				B38AE2E02243D82C00A28121 /* RepSetRepeatTests.swift */,
				B38AE2E22243D82C00A28121 /* Info.plist */,
			);
			path = RepSetRepeatTests;
			sourceTree = "<group>";
		};
		B38AE2EA2243D82C00A28121 /* RepSetRepeatUITests */ = {
			isa = PBXGroup;
			children = (
				B38AE2EB2243D82C00A28121 /* RepSetRepeatUITests.swift */,
				B38AE2ED2243D82C00A28121 /* Info.plist */,
			);
			path = RepSetRepeatUITests;
			sourceTree = "<group>";
		};
/* End PBXGroup section */

/* Begin PBXNativeTarget section */
		B38AE2C72243D82A00A28121 /* RepSetRepeat */ = {
			isa = PBXNativeTarget;
			buildConfigurationList = B38AE2F02243D82C00A28121 /* Build configuration list for PBXNativeTarget "RepSetRepeat" */;
			buildPhases = (
				B38AE2C42243D82A00A28121 /* Sources */,
				B38AE2C52243D82A00A28121 /* Frameworks */,
				B38AE2C62243D82A00A28121 /* Resources */,
			);
			buildRules = (
			);
			dependencies = (
			);
			name = RepSetRepeat;
			productName = RepSetRepeat;
			productReference = B38AE2C82243D82A00A28121 /* RepSetRepeat.app */;
			productType = "com.apple.product-type.application";
		};
		B38AE2DB2243D82C00A28121 /* RepSetRepeatTests */ = {
			isa = PBXNativeTarget;
			buildConfigurationList = B38AE2F32243D82C00A28121 /* Build configuration list for PBXNativeTarget "RepSetRepeatTests" */;
			buildPhases = (
				B38AE2D82243D82C00A28121 /* Sources */,
				B38AE2D92243D82C00A28121 /* Frameworks */,
				B38AE2DA2243D82C00A28121 /* Resources */,
			);
			buildRules = (
			);
			dependencies = (
				B38AE2DE2243D82C00A28121 /* PBXTargetDependency */,
			);
			name = RepSetRepeatTests;
			productName = RepSetRepeatTests;
			productReference = B38AE2DC2243D82C00A28121 /* RepSetRepeatTests.xctest */;
			productType = "com.apple.product-type.bundle.unit-test";
		};
		B38AE2E62243D82C00A28121 /* RepSetRepeatUITests */ = {
			isa = PBXNativeTarget;
			buildConfigurationList = B38AE2F62243D82C00A28121 /* Build configuration list for PBXNativeTarget "RepSetRepeatUITests" */;
			buildPhases = (
				B38AE2E32243D82C00A28121 /* Sources */,
				B38AE2E42243D82C00A28121 /* Frameworks */,
				B38AE2E52243D82C00A28121 /* Resources */,
			);
			buildRules = (
			);
			dependencies = (
				B38AE2E92243D82C00A28121 /* PBXTargetDependency */,
			);
			name = RepSetRepeatUITests;
			productName = RepSetRepeatUITests;
			productReference = B38AE2E72243D82C00A28121 /* RepSetRepeatUITests.xctest */;
			productType = "com.apple.product-type.bundle.ui-testing";
		};
/* End PBXNativeTarget section */

/* Begin PBXProject section */
		B38AE2C02243D82A00A28121 /* Project object */ = {
			isa = PBXProject;
			attributes = {
				LastSwiftUpdateCheck = 1010;
				LastUpgradeCheck = 1010;
				ORGANIZATIONNAME = "Leonardo Gonzalez";
				TargetAttributes = {
					B38AE2C72243D82A00A28121 = {
						CreatedOnToolsVersion = 10.1;
					};
					B38AE2DB2243D82C00A28121 = {
						CreatedOnToolsVersion = 10.1;
						TestTargetID = B38AE2C72243D82A00A28121;
					};
					B38AE2E62243D82C00A28121 = {
						CreatedOnToolsVersion = 10.1;
						TestTargetID = B38AE2C72243D82A00A28121;
					};
				};
			};
			buildConfigurationList = B38AE2C32243D82A00A28121 /* Build configuration list for PBXProject "RepSetRepeat" */;
			compatibilityVersion = "Xcode 9.3";
			developmentRegion = en;
			hasScannedForEncodings = 0;
			knownRegions = (
				en,
				Base,
			);
			mainGroup = B38AE2BF2243D82A00A28121;
			productRefGroup = B38AE2C92243D82A00A28121 /* Products */;
			projectDirPath = "";
			projectRoot = "";
			targets = (
				B38AE2C72243D82A00A28121 /* RepSetRepeat */,
				B38AE2DB2243D82C00A28121 /* RepSetRepeatTests */,
				B38AE2E62243D82C00A28121 /* RepSetRepeatUITests */,
			);
		};
/* End PBXProject section */

/* Begin PBXResourcesBuildPhase section */
		B38AE2C62243D82A00A28121 /* Resources */ = {
			isa = PBXResourcesBuildPhase;
			buildActionMask = 2147483647;
			files = (
				B38AE2D62243D82C00A28121 /* LaunchScreen.storyboard in Resources */,
				B38AE2D32243D82C00A28121 /* Assets.xcassets in Resources */,
				B38AE2D12243D82A00A28121 /* Main.storyboard in Resources */,
			);
			runOnlyForDeploymentPostprocessing = 0;
		};
		B38AE2DA2243D82C00A28121 /* Resources */ = {
			isa = PBXResourcesBuildPhase;
			buildActionMask = 2147483647;
			files = (
			);
			runOnlyForDeploymentPostprocessing = 0;
		};
		B38AE2E52243D82C00A28121 /* Resources */ = {
			isa = PBXResourcesBuildPhase;
			buildActionMask = 2147483647;
			files = (
			);
			runOnlyForDeploymentPostprocessing = 0;
		};
/* End PBXResourcesBuildPhase section */

/* Begin PBXSourcesBuildPhase section */
		B38AE2C42243D82A00A28121 /* Sources */ = {
			isa = PBXSourcesBuildPhase;
			buildActionMask = 2147483647;
			files = (
				B38AE2CE2243D82A00A28121 /* WorkoutSetViewController.swift in Sources */,
				B38AE2FA2243DE4800A28121 /* MainTab.swift in Sources */,
				B38AE2CC2243D82A00A28121 /* AppDelegate.swift in Sources */,
				B38AE2FC2243E79E00A28121 /* LoginViewController.swift in Sources */,
			);
			runOnlyForDeploymentPostprocessing = 0;
		};
		B38AE2D82243D82C00A28121 /* Sources */ = {
			isa = PBXSourcesBuildPhase;
			buildActionMask = 2147483647;
			files = (
				B38AE2E12243D82C00A28121 /* RepSetRepeatTests.swift in Sources */,
			);
			runOnlyForDeploymentPostprocessing = 0;
		};
		B38AE2E32243D82C00A28121 /* Sources */ = {
			isa = PBXSourcesBuildPhase;
			buildActionMask = 2147483647;
			files = (
				B38AE2EC2243D82C00A28121 /* RepSetRepeatUITests.swift in Sources */,
			);
			runOnlyForDeploymentPostprocessing = 0;
		};
/* End PBXSourcesBuildPhase section */

/* Begin PBXTargetDependency section */
		B38AE2DE2243D82C00A28121 /* PBXTargetDependency */ = {
			isa = PBXTargetDependency;
			target = B38AE2C72243D82A00A28121 /* RepSetRepeat */;
			targetProxy = B38AE2DD2243D82C00A28121 /* PBXContainerItemProxy */;
		};
		B38AE2E92243D82C00A28121 /* PBXTargetDependency */ = {
			isa = PBXTargetDependency;
			target = B38AE2C72243D82A00A28121 /* RepSetRepeat */;
			targetProxy = B38AE2E82243D82C00A28121 /* PBXContainerItemProxy */;
		};
/* End PBXTargetDependency section */

/* Begin PBXVariantGroup section */
		B38AE2CF2243D82A00A28121 /* Main.storyboard */ = {
			isa = PBXVariantGroup;
			children = (
				B38AE2D02243D82A00A28121 /* Base */,
			);
			name = Main.storyboard;
			sourceTree = "<group>";
		};
		B38AE2D42243D82C00A28121 /* LaunchScreen.storyboard */ = {
			isa = PBXVariantGroup;
			children = (
				B38AE2D52243D82C00A28121 /* Base */,
			);
			name = LaunchScreen.storyboard;
			sourceTree = "<group>";
		};
/* End PBXVariantGroup section */

/* Begin XCBuildConfiguration section */
		B38AE2EE2243D82C00A28121 /* Debug */ = {
			isa = XCBuildConfiguration;
			buildSettings = {
				ALWAYS_SEARCH_USER_PATHS = NO;
				CLANG_ANALYZER_NONNULL = YES;
				CLANG_ANALYZER_NUMBER_OBJECT_CONVERSION = YES_AGGRESSIVE;
				CLANG_CXX_LANGUAGE_STANDARD = "gnu++14";
				CLANG_CXX_LIBRARY = "libc++";
				CLANG_ENABLE_MODULES = YES;
				CLANG_ENABLE_OBJC_ARC = YES;
				CLANG_ENABLE_OBJC_WEAK = YES;
				CLANG_WARN_BLOCK_CAPTURE_AUTORELEASING = YES;
				CLANG_WARN_BOOL_CONVERSION = YES;
				CLANG_WARN_COMMA = YES;
				CLANG_WARN_CONSTANT_CONVERSION = YES;
				CLANG_WARN_DEPRECATED_OBJC_IMPLEMENTATIONS = YES;
				CLANG_WARN_DIRECT_OBJC_ISA_USAGE = YES_ERROR;
				CLANG_WARN_DOCUMENTATION_COMMENTS = YES;
				CLANG_WARN_EMPTY_BODY = YES;
				CLANG_WARN_ENUM_CONVERSION = YES;
				CLANG_WARN_INFINITE_RECURSION = YES;
				CLANG_WARN_INT_CONVERSION = YES;
				CLANG_WARN_NON_LITERAL_NULL_CONVERSION = YES;
				CLANG_WARN_OBJC_IMPLICIT_RETAIN_SELF = YES;
				CLANG_WARN_OBJC_LITERAL_CONVERSION = YES;
				CLANG_WARN_OBJC_ROOT_CLASS = YES_ERROR;
				CLANG_WARN_RANGE_LOOP_ANALYSIS = YES;
				CLANG_WARN_STRICT_PROTOTYPES = YES;
				CLANG_WARN_SUSPICIOUS_MOVE = YES;
				CLANG_WARN_UNGUARDED_AVAILABILITY = YES_AGGRESSIVE;
				CLANG_WARN_UNREACHABLE_CODE = YES;
				CLANG_WARN__DUPLICATE_METHOD_MATCH = YES;
				CODE_SIGN_IDENTITY = "iPhone Developer";
				COPY_PHASE_STRIP = NO;
				DEBUG_INFORMATION_FORMAT = dwarf;
				ENABLE_STRICT_OBJC_MSGSEND = YES;
				ENABLE_TESTABILITY = YES;
				GCC_C_LANGUAGE_STANDARD = gnu11;
				GCC_DYNAMIC_NO_PIC = NO;
				GCC_NO_COMMON_BLOCKS = YES;
				GCC_OPTIMIZATION_LEVEL = 0;
				GCC_PREPROCESSOR_DEFINITIONS = (
					"DEBUG=1",
					"$(inherited)",
				);
				GCC_WARN_64_TO_32_BIT_CONVERSION = YES;
				GCC_WARN_ABOUT_RETURN_TYPE = YES_ERROR;
				GCC_WARN_UNDECLARED_SELECTOR = YES;
				GCC_WARN_UNINITIALIZED_AUTOS = YES_AGGRESSIVE;
				GCC_WARN_UNUSED_FUNCTION = YES;
				GCC_WARN_UNUSED_VARIABLE = YES;
				IPHONEOS_DEPLOYMENT_TARGET = 12.1;
				MTL_ENABLE_DEBUG_INFO = INCLUDE_SOURCE;
				MTL_FAST_MATH = YES;
				ONLY_ACTIVE_ARCH = YES;
				SDKROOT = iphoneos;
				SWIFT_ACTIVE_COMPILATION_CONDITIONS = DEBUG;
				SWIFT_OPTIMIZATION_LEVEL = "-Onone";
			};
			name = Debug;
		};
		B38AE2EF2243D82C00A28121 /* Release */ = {
			isa = XCBuildConfiguration;
			buildSettings = {
				ALWAYS_SEARCH_USER_PATHS = NO;
				CLANG_ANALYZER_NONNULL = YES;
				CLANG_ANALYZER_NUMBER_OBJECT_CONVERSION = YES_AGGRESSIVE;
				CLANG_CXX_LANGUAGE_STANDARD = "gnu++14";
				CLANG_CXX_LIBRARY = "libc++";
				CLANG_ENABLE_MODULES = YES;
				CLANG_ENABLE_OBJC_ARC = YES;
				CLANG_ENABLE_OBJC_WEAK = YES;
				CLANG_WARN_BLOCK_CAPTURE_AUTORELEASING = YES;
				CLANG_WARN_BOOL_CONVERSION = YES;
				CLANG_WARN_COMMA = YES;
				CLANG_WARN_CONSTANT_CONVERSION = YES;
				CLANG_WARN_DEPRECATED_OBJC_IMPLEMENTATIONS = YES;
				CLANG_WARN_DIRECT_OBJC_ISA_USAGE = YES_ERROR;
				CLANG_WARN_DOCUMENTATION_COMMENTS = YES;
				CLANG_WARN_EMPTY_BODY = YES;
				CLANG_WARN_ENUM_CONVERSION = YES;
				CLANG_WARN_INFINITE_RECURSION = YES;
				CLANG_WARN_INT_CONVERSION = YES;
				CLANG_WARN_NON_LITERAL_NULL_CONVERSION = YES;
				CLANG_WARN_OBJC_IMPLICIT_RETAIN_SELF = YES;
				CLANG_WARN_OBJC_LITERAL_CONVERSION = YES;
				CLANG_WARN_OBJC_ROOT_CLASS = YES_ERROR;
				CLANG_WARN_RANGE_LOOP_ANALYSIS = YES;
				CLANG_WARN_STRICT_PROTOTYPES = YES;
				CLANG_WARN_SUSPICIOUS_MOVE = YES;
				CLANG_WARN_UNGUARDED_AVAILABILITY = YES_AGGRESSIVE;
				CLANG_WARN_UNREACHABLE_CODE = YES;
				CLANG_WARN__DUPLICATE_METHOD_MATCH = YES;
				CODE_SIGN_IDENTITY = "iPhone Developer";
				COPY_PHASE_STRIP = NO;
				DEBUG_INFORMATION_FORMAT = "dwarf-with-dsym";
				ENABLE_NS_ASSERTIONS = NO;
				ENABLE_STRICT_OBJC_MSGSEND = YES;
				GCC_C_LANGUAGE_STANDARD = gnu11;
				GCC_NO_COMMON_BLOCKS = YES;
				GCC_WARN_64_TO_32_BIT_CONVERSION = YES;
				GCC_WARN_ABOUT_RETURN_TYPE = YES_ERROR;
				GCC_WARN_UNDECLARED_SELECTOR = YES;
				GCC_WARN_UNINITIALIZED_AUTOS = YES_AGGRESSIVE;
				GCC_WARN_UNUSED_FUNCTION = YES;
				GCC_WARN_UNUSED_VARIABLE = YES;
				IPHONEOS_DEPLOYMENT_TARGET = 12.1;
				MTL_ENABLE_DEBUG_INFO = NO;
				MTL_FAST_MATH = YES;
				SDKROOT = iphoneos;
				SWIFT_COMPILATION_MODE = wholemodule;
				SWIFT_OPTIMIZATION_LEVEL = "-O";
				VALIDATE_PRODUCT = YES;
			};
			name = Release;
		};
		B38AE2F12243D82C00A28121 /* Debug */ = {
			isa = XCBuildConfiguration;
			buildSettings = {
				ASSETCATALOG_COMPILER_APPICON_NAME = AppIcon;
				CODE_SIGN_STYLE = Automatic;
				DEVELOPMENT_TEAM = 6MB7ZF5LVV;
				INFOPLIST_FILE = RepSetRepeat/Info.plist;
				LD_RUNPATH_SEARCH_PATHS = (
					"$(inherited)",
					"@executable_path/Frameworks",
				);
				PRODUCT_BUNDLE_IDENTIFIER = co.leonardogonzalez.RepSetRepeat;
				PRODUCT_NAME = "$(TARGET_NAME)";
				SWIFT_VERSION = 4.2;
				TARGETED_DEVICE_FAMILY = "1,2";
			};
			name = Debug;
		};
		B38AE2F22243D82C00A28121 /* Release */ = {
			isa = XCBuildConfiguration;
			buildSettings = {
				ASSETCATALOG_COMPILER_APPICON_NAME = AppIcon;
				CODE_SIGN_STYLE = Automatic;
				DEVELOPMENT_TEAM = 6MB7ZF5LVV;
				INFOPLIST_FILE = RepSetRepeat/Info.plist;
				LD_RUNPATH_SEARCH_PATHS = (
					"$(inherited)",
					"@executable_path/Frameworks",
				);
				PRODUCT_BUNDLE_IDENTIFIER = co.leonardogonzalez.RepSetRepeat;
				PRODUCT_NAME = "$(TARGET_NAME)";
				SWIFT_VERSION = 4.2;
				TARGETED_DEVICE_FAMILY = "1,2";
			};
			name = Release;
		};
		B38AE2F42243D82C00A28121 /* Debug */ = {
			isa = XCBuildConfiguration;
			buildSettings = {
				ALWAYS_EMBED_SWIFT_STANDARD_LIBRARIES = YES;
				BUNDLE_LOADER = "$(TEST_HOST)";
				CODE_SIGN_STYLE = Automatic;
				INFOPLIST_FILE = RepSetRepeatTests/Info.plist;
				LD_RUNPATH_SEARCH_PATHS = (
					"$(inherited)",
					"@executable_path/Frameworks",
					"@loader_path/Frameworks",
				);
				PRODUCT_BUNDLE_IDENTIFIER = co.leonardogonzalez.RepSetRepeatTests;
				PRODUCT_NAME = "$(TARGET_NAME)";
				SWIFT_VERSION = 4.2;
				TARGETED_DEVICE_FAMILY = "1,2";
				TEST_HOST = "$(BUILT_PRODUCTS_DIR)/RepSetRepeat.app/RepSetRepeat";
			};
			name = Debug;
		};
		B38AE2F52243D82C00A28121 /* Release */ = {
			isa = XCBuildConfiguration;
			buildSettings = {
				ALWAYS_EMBED_SWIFT_STANDARD_LIBRARIES = YES;
				BUNDLE_LOADER = "$(TEST_HOST)";
				CODE_SIGN_STYLE = Automatic;
				INFOPLIST_FILE = RepSetRepeatTests/Info.plist;
				LD_RUNPATH_SEARCH_PATHS = (
					"$(inherited)",
					"@executable_path/Frameworks",
					"@loader_path/Frameworks",
				);
				PRODUCT_BUNDLE_IDENTIFIER = co.leonardogonzalez.RepSetRepeatTests;
				PRODUCT_NAME = "$(TARGET_NAME)";
				SWIFT_VERSION = 4.2;
				TARGETED_DEVICE_FAMILY = "1,2";
				TEST_HOST = "$(BUILT_PRODUCTS_DIR)/RepSetRepeat.app/RepSetRepeat";
			};
			name = Release;
		};
		B38AE2F72243D82C00A28121 /* Debug */ = {
			isa = XCBuildConfiguration;
			buildSettings = {
				ALWAYS_EMBED_SWIFT_STANDARD_LIBRARIES = YES;
				CODE_SIGN_STYLE = Automatic;
				INFOPLIST_FILE = RepSetRepeatUITests/Info.plist;
				LD_RUNPATH_SEARCH_PATHS = (
					"$(inherited)",
					"@executable_path/Frameworks",
					"@loader_path/Frameworks",
				);
				PRODUCT_BUNDLE_IDENTIFIER = co.leonardogonzalez.RepSetRepeatUITests;
				PRODUCT_NAME = "$(TARGET_NAME)";
				SWIFT_VERSION = 4.2;
				TARGETED_DEVICE_FAMILY = "1,2";
				TEST_TARGET_NAME = RepSetRepeat;
			};
			name = Debug;
		};
		B38AE2F82243D82C00A28121 /* Release */ = {
			isa = XCBuildConfiguration;
			buildSettings = {
				ALWAYS_EMBED_SWIFT_STANDARD_LIBRARIES = YES;
				CODE_SIGN_STYLE = Automatic;
				INFOPLIST_FILE = RepSetRepeatUITests/Info.plist;
				LD_RUNPATH_SEARCH_PATHS = (
					"$(inherited)",
					"@executable_path/Frameworks",
					"@loader_path/Frameworks",
				);
				PRODUCT_BUNDLE_IDENTIFIER = co.leonardogonzalez.RepSetRepeatUITests;
				PRODUCT_NAME = "$(TARGET_NAME)";
				SWIFT_VERSION = 4.2;
				TARGETED_DEVICE_FAMILY = "1,2";
				TEST_TARGET_NAME = RepSetRepeat;
			};
			name = Release;
		};
/* End XCBuildConfiguration section */

/* Begin XCConfigurationList section */
		B38AE2C32243D82A00A28121 /* Build configuration list for PBXProject "RepSetRepeat" */ = {
			isa = XCConfigurationList;
			buildConfigurations = (
				B38AE2EE2243D82C00A28121 /* Debug */,
				B38AE2EF2243D82C00A28121 /* Release */,
			);
			defaultConfigurationIsVisible = 0;
			defaultConfigurationName = Release;
		};
		B38AE2F02243D82C00A28121 /* Build configuration list for PBXNativeTarget "RepSetRepeat" */ = {
			isa = XCConfigurationList;
			buildConfigurations = (
				B38AE2F12243D82C00A28121 /* Debug */,
				B38AE2F22243D82C00A28121 /* Release */,
			);
			defaultConfigurationIsVisible = 0;
			defaultConfigurationName = Release;
		};
		B38AE2F32243D82C00A28121 /* Build configuration list for PBXNativeTarget "RepSetRepeatTests" */ = {
			isa = XCConfigurationList;
			buildConfigurations = (
				B38AE2F42243D82C00A28121 /* Debug */,
				B38AE2F52243D82C00A28121 /* Release */,
			);
			defaultConfigurationIsVisible = 0;
			defaultConfigurationName = Release;
		};
		B38AE2F62243D82C00A28121 /* Build configuration list for PBXNativeTarget "RepSetRepeatUITests" */ = {
			isa = XCConfigurationList;
			buildConfigurations = (
				B38AE2F72243D82C00A28121 /* Debug */,
				B38AE2F82243D82C00A28121 /* Release */,
			);
			defaultConfigurationIsVisible = 0;
			defaultConfigurationName = Release;
		};
/* End XCConfigurationList section */
	};
	rootObject = B38AE2C02243D82A00A28121 /* Project object */;
}
